{
  "name": "DabaoDB",
  "version": "0.1.0",
  "lockfileVersion": 3,
  "requires": true,
  "packages": {
    "": {
      "name": "DabaoDB",
      "version": "0.1.0",
      "dependencies": {
        "@volcengine/provider-ark-seedance": "file:./packages/provider-ark-seedance"
      }
    },
    "node_modules/@volcengine/provider-ark-seedance": {
      "resolved": "packages/provider-ark-seedance",
      "link": true
    },
    "packages/provider-ark-seedance": {
      "name": "@volcengine/provider-ark-seedance",
      "version": "0.1.0"
    }
  }
}
